
Microsoft Visual Studio Solution File, Format Version 12.00
# Visual Studio Version 17
VisualStudioVersion = 17.0.32014.148
MinimumVisualStudioVersion = 10.0.40219.1
Project("{9A19103F-16F7-4668-BE54-9A1E7A4F7556}") = "MedTech", "MedTech\MedTech.csproj", "{60E61722-3649-44B2-936F-ECF22FE87312}"
EndProject
Project("{9A19103F-16F7-4668-BE54-9A1E7A4F7556}") = "Entities", "Entities\Entities.csproj", "{07C30DAE-7112-47F9-8130-86C828CF7F67}"
EndProject
Project("{9A19103F-16F7-4668-BE54-9A1E7A4F7556}") = "DataAccess", "DataAccess\DataAccess.csproj", "{74B7D106-DA90-489D-BA29-0838C36ACE8C}"
EndProject
Project("{9A19103F-16F7-4668-BE54-9A1E7A4F7556}") = "Services", "Services\Services.csproj", "{F98135D0-B972-4009-AC04-DF01791D2C6F}"
EndProject
Project("{FAE04EC0-301F-11D3-BF4B-00C04F79EFBC}") = "Helper", "Helper\Helper.csproj", "{5EF3619C-71B5-4254-A9BE-445DA65426D9}"
EndProject
Global
	GlobalSection(SolutionConfigurationPlatforms) = preSolution
		Debug|Any CPU = Debug|Any CPU
		Release|Any CPU = Release|Any CPU
	EndGlobalSection
	GlobalSection(ProjectConfigurationPlatforms) = postSolution
		{60E61722-3649-44B2-936F-ECF22FE87312}.Debug|Any CPU.ActiveCfg = Debug|Any CPU
		{60E61722-3649-44B2-936F-ECF22FE87312}.Debug|Any CPU.Build.0 = Debug|Any CPU
		{60E61722-3649-44B2-936F-ECF22FE87312}.Release|Any CPU.ActiveCfg = Release|Any CPU
		{60E61722-3649-44B2-936F-ECF22FE87312}.Release|Any CPU.Build.0 = Release|Any CPU
		{07C30DAE-7112-47F9-8130-86C828CF7F67}.Debug|Any CPU.ActiveCfg = Debug|Any CPU
		{07C30DAE-7112-47F9-8130-86C828CF7F67}.Debug|Any CPU.Build.0 = Debug|Any CPU
		{07C30DAE-7112-47F9-8130-86C828CF7F67}.Release|Any CPU.ActiveCfg = Release|Any CPU
		{07C30DAE-7112-47F9-8130-86C828CF7F67}.Release|Any CPU.Build.0 = Release|Any CPU
		{74B7D106-DA90-489D-BA29-0838C36ACE8C}.Debug|Any CPU.ActiveCfg = Debug|Any CPU
		{74B7D106-DA90-489D-BA29-0838C36ACE8C}.Debug|Any CPU.Build.0 = Debug|Any CPU
		{74B7D106-DA90-489D-BA29-0838C36ACE8C}.Release|Any CPU.ActiveCfg = Release|Any CPU
		{74B7D106-DA90-489D-BA29-0838C36ACE8C}.Release|Any CPU.Build.0 = Release|Any CPU
		{F98135D0-B972-4009-AC04-DF01791D2C6F}.Debug|Any CPU.ActiveCfg = Debug|Any CPU
		{F98135D0-B972-4009-AC04-DF01791D2C6F}.Debug|Any CPU.Build.0 = Debug|Any CPU
		{F98135D0-B972-4009-AC04-DF01791D2C6F}.Release|Any CPU.ActiveCfg = Release|Any CPU
		{F98135D0-B972-4009-AC04-DF01791D2C6F}.Release|Any CPU.Build.0 = Release|Any CPU
		{5EF3619C-71B5-4254-A9BE-445DA65426D9}.Debug|Any CPU.ActiveCfg = Debug|Any CPU
		{5EF3619C-71B5-4254-A9BE-445DA65426D9}.Debug|Any CPU.Build.0 = Debug|Any CPU
		{5EF3619C-71B5-4254-A9BE-445DA65426D9}.Release|Any CPU.ActiveCfg = Release|Any CPU
		{5EF3619C-71B5-4254-A9BE-445DA65426D9}.Release|Any CPU.Build.0 = Release|Any CPU
	EndGlobalSection
	GlobalSection(SolutionProperties) = preSolution
		HideSolutionNode = FALSE
	EndGlobalSection
	GlobalSection(ExtensibilityGlobals) = postSolution
		SolutionGuid = {BF0C8981-BE0D-4338-90C7-9AA894C06961}
	EndGlobalSection
EndGlobal
